
Microsoft Visual Studio Solution File, Format Version 12.00
# Visual Studio Version 16
VisualStudioVersion = 16.0.30804.86
MinimumVisualStudioVersion = 10.0.40219.1
Project("{2150E333-8FDC-42A3-9474-1A3956D46DE8}") = "0 - Api", "0 - Api", "{FFAC7994-E70B-4EBB-A875-CAEBBEA40B49}"
EndProject
Project("{2150E333-8FDC-42A3-9474-1A3956D46DE8}") = "1 - Service", "1 - Service", "{434FFC91-A12C-430C-AF1F-F009EDC53257}"
EndProject
Project("{2150E333-8FDC-42A3-9474-1A3956D46DE8}") = "2 - Domain", "2 - Domain", "{51D57525-370C-4F43-B73A-A2C9E302EB5F}"
EndProject
Project("{2150E333-8FDC-42A3-9474-1A3956D46DE8}") = "3 - Infra", "3 - Infra", "{832A8DF0-FB3A-4EAA-BC52-96EB46BEEAE9}"
EndProject
Project("{9A19103F-16F7-4668-BE54-9A1E7A4F7556}") = "OcrSharp.Api", "OcrSharp.Api\OcrSharp.Api.csproj", "{74B81BA1-1E1F-4823-846D-18E0E0E0780E}"
EndProject
Project("{2150E333-8FDC-42A3-9474-1A3956D46DE8}") = "3.1 - CrossCutting", "3.1 - CrossCutting", "{8E7D42A5-BE32-4281-B0EF-31F6A54D2B90}"
EndProject
Project("{9A19103F-16F7-4668-BE54-9A1E7A4F7556}") = "OcrSharp.Domain", "OcrSharp.Domain\OcrSharp.Domain.csproj", "{52E9E0F6-B8F6-4AA5-BF07-3D404F2F40C4}"
EndProject
Project("{9A19103F-16F7-4668-BE54-9A1E7A4F7556}") = "OcrSharp.Service", "OcrSharp.Service\OcrSharp.Service.csproj", "{FC46C3CC-2E76-4337-84C8-E630D98D9D48}"
EndProject
Project("{9A19103F-16F7-4668-BE54-9A1E7A4F7556}") = "OcrSharp.Infra.CrossCutting.IoC", "OcrSharp.Infra.CrossCutting.IoC\OcrSharp.Infra.CrossCutting.IoC.csproj", "{E92F556D-B40F-4C73-8346-11EE343B41C6}"
EndProject
Global
	GlobalSection(SolutionConfigurationPlatforms) = preSolution
		Debug|Any CPU = Debug|Any CPU
		Release|Any CPU = Release|Any CPU
	EndGlobalSection
	GlobalSection(ProjectConfigurationPlatforms) = postSolution
		{74B81BA1-1E1F-4823-846D-18E0E0E0780E}.Debug|Any CPU.ActiveCfg = Debug|Any CPU
		{74B81BA1-1E1F-4823-846D-18E0E0E0780E}.Debug|Any CPU.Build.0 = Debug|Any CPU
		{74B81BA1-1E1F-4823-846D-18E0E0E0780E}.Release|Any CPU.ActiveCfg = Release|Any CPU
		{74B81BA1-1E1F-4823-846D-18E0E0E0780E}.Release|Any CPU.Build.0 = Release|Any CPU
		{52E9E0F6-B8F6-4AA5-BF07-3D404F2F40C4}.Debug|Any CPU.ActiveCfg = Debug|Any CPU
		{52E9E0F6-B8F6-4AA5-BF07-3D404F2F40C4}.Debug|Any CPU.Build.0 = Debug|Any CPU
		{52E9E0F6-B8F6-4AA5-BF07-3D404F2F40C4}.Release|Any CPU.ActiveCfg = Release|Any CPU
		{52E9E0F6-B8F6-4AA5-BF07-3D404F2F40C4}.Release|Any CPU.Build.0 = Release|Any CPU
		{FC46C3CC-2E76-4337-84C8-E630D98D9D48}.Debug|Any CPU.ActiveCfg = Debug|Any CPU
		{FC46C3CC-2E76-4337-84C8-E630D98D9D48}.Debug|Any CPU.Build.0 = Debug|Any CPU
		{FC46C3CC-2E76-4337-84C8-E630D98D9D48}.Release|Any CPU.ActiveCfg = Release|Any CPU
		{FC46C3CC-2E76-4337-84C8-E630D98D9D48}.Release|Any CPU.Build.0 = Release|Any CPU
		{E92F556D-B40F-4C73-8346-11EE343B41C6}.Debug|Any CPU.ActiveCfg = Debug|Any CPU
		{E92F556D-B40F-4C73-8346-11EE343B41C6}.Debug|Any CPU.Build.0 = Debug|Any CPU
		{E92F556D-B40F-4C73-8346-11EE343B41C6}.Release|Any CPU.ActiveCfg = Release|Any CPU
		{E92F556D-B40F-4C73-8346-11EE343B41C6}.Release|Any CPU.Build.0 = Release|Any CPU
	EndGlobalSection
	GlobalSection(SolutionProperties) = preSolution
		HideSolutionNode = FALSE
	EndGlobalSection
	GlobalSection(NestedProjects) = preSolution
		{74B81BA1-1E1F-4823-846D-18E0E0E0780E} = {FFAC7994-E70B-4EBB-A875-CAEBBEA40B49}
		{8E7D42A5-BE32-4281-B0EF-31F6A54D2B90} = {832A8DF0-FB3A-4EAA-BC52-96EB46BEEAE9}
		{52E9E0F6-B8F6-4AA5-BF07-3D404F2F40C4} = {51D57525-370C-4F43-B73A-A2C9E302EB5F}
		{FC46C3CC-2E76-4337-84C8-E630D98D9D48} = {434FFC91-A12C-430C-AF1F-F009EDC53257}
		{E92F556D-B40F-4C73-8346-11EE343B41C6} = {8E7D42A5-BE32-4281-B0EF-31F6A54D2B90}
	EndGlobalSection
	GlobalSection(ExtensibilityGlobals) = postSolution
		SolutionGuid = {73FD6368-41FD-44DC-9B00-885BD6EBF5CE}
	EndGlobalSection
EndGlobal
